
Microsoft Visual Studio Solution File, Format Version 10.00
# Visual Studio 2008
Project("{FAE04EC0-301F-11D3-BF4B-00C04F79EFBC}") = "AngryTanks.Client", "AngryTanks.Client\AngryTanks.Client.csproj", "{FBF5B054-C819-46C1-B31B-5E7C96372EB6}"
EndProject
Project("{FAE04EC0-301F-11D3-BF4B-00C04F79EFBC}") = "AngryTanks.Server", "AngryTanks.Server\AngryTanks.Server.csproj", "{14E07D52-020C-4787-965B-6B26EDD115AD}"
EndProject
Project("{FAE04EC0-301F-11D3-BF4B-00C04F79EFBC}") = "Lidgren.Network", "References\Lidgren.Network.Gen3\Lidgren.Network\Lidgren.Network.csproj", "{49BA1C69-6104-41AC-A5D8-B54FA9F696E8}"
EndProject
Project("{FAE04EC0-301F-11D3-BF4B-00C04F79EFBC}") = "AngryTanks.Common", "AngryTanks.Common\AngryTanks.Common.csproj", "{916A9399-C7C6-4CA4-A2D1-EC23194D19C3}"
EndProject
Project("{FAE04EC0-301F-11D3-BF4B-00C04F79EFBC}") = "AngryTanks.Tests.CollisionDetection", "AngryTanks.Tests\AngryTanks.Tests.CollisionDetection\AngryTanks.Tests.CollisionDetection.csproj", "{D9816D38-6394-4BAC-9551-098DC7E94876}"
EndProject
Project("{FAE04EC0-301F-11D3-BF4B-00C04F79EFBC}") = "Nuclex.Input (xna-3.1-x86)", "References\Nuclex.Framework.r1242\framework\Nuclex.Input\Nuclex.Input (xna-3.1-x86).csproj", "{C4FD0A4A-303E-468B-B2B2-790691B11FB5}"
EndProject
Project("{FAE04EC0-301F-11D3-BF4B-00C04F79EFBC}") = "Nuclex.Game (xna-3.1-x86)", "References\Nuclex.Framework.r1242\framework\Nuclex.Game\Nuclex.Game (xna-3.1-x86).csproj", "{B073F1E8-7873-48AC-A52F-09FF77CB034F}"
EndProject
Project("{FAE04EC0-301F-11D3-BF4B-00C04F79EFBC}") = "Nuclex.Game.ContentCompressor (net-2.0)", "References\Nuclex.Framework.r1242\framework\Nuclex.Game.ContentCompressor\Nuclex.Game.ContentCompressor (net-2.0).csproj", "{56F3A934-A157-4BDE-B63C-B14B1CD9515F}"
EndProject
Project("{FAE04EC0-301F-11D3-BF4B-00C04F79EFBC}") = "Nuclex.Graphics (xna-3.1-x86)", "References\Nuclex.Framework.r1242\framework\Nuclex.Graphics\Nuclex.Graphics (xna-3.1-x86).csproj", "{E7E4E5BB-B268-4E1D-80AD-0DCA682612A1}"
EndProject
Project("{FAE04EC0-301F-11D3-BF4B-00C04F79EFBC}") = "Nuclex.Testing.Xna (xna-3.1-x86)", "References\Nuclex.Framework.r1242\framework\Nuclex.Testing.Xna\Nuclex.Testing.Xna (xna-3.1-x86).csproj", "{74DB0F55-17A0-4362-B8DB-72AE91446488}"
EndProject
Project("{FAE04EC0-301F-11D3-BF4B-00C04F79EFBC}") = "Nuclex.Fonts (xna-3.1-x86)", "References\Nuclex.Framework.r1242\framework\Nuclex.Fonts\Nuclex.Fonts (xna-3.1-x86).csproj", "{C4AC05FB-EF3F-4805-ACB7-774078044213}"
EndProject
Global
	GlobalSection(SolutionConfigurationPlatforms) = preSolution
		Debug|Any CPU = Debug|Any CPU
		Debug|Mixed Platforms = Debug|Mixed Platforms
		Debug|Win32 = Debug|Win32
		Debug|x86 = Debug|x86
		Release|Any CPU = Release|Any CPU
		Release|Mixed Platforms = Release|Mixed Platforms
		Release|Win32 = Release|Win32
		Release|x86 = Release|x86
	EndGlobalSection
	GlobalSection(ProjectConfigurationPlatforms) = postSolution
		{FBF5B054-C819-46C1-B31B-5E7C96372EB6}.Debug|Any CPU.ActiveCfg = Debug|x86
		{FBF5B054-C819-46C1-B31B-5E7C96372EB6}.Debug|Mixed Platforms.ActiveCfg = Debug|x86
		{FBF5B054-C819-46C1-B31B-5E7C96372EB6}.Debug|Mixed Platforms.Build.0 = Debug|x86
		{FBF5B054-C819-46C1-B31B-5E7C96372EB6}.Debug|Win32.ActiveCfg = Debug|x86
		{FBF5B054-C819-46C1-B31B-5E7C96372EB6}.Debug|x86.ActiveCfg = Debug|x86
		{FBF5B054-C819-46C1-B31B-5E7C96372EB6}.Debug|x86.Build.0 = Debug|x86
		{FBF5B054-C819-46C1-B31B-5E7C96372EB6}.Release|Any CPU.ActiveCfg = Release|x86
		{FBF5B054-C819-46C1-B31B-5E7C96372EB6}.Release|Mixed Platforms.ActiveCfg = Release|x86
		{FBF5B054-C819-46C1-B31B-5E7C96372EB6}.Release|Mixed Platforms.Build.0 = Release|x86
		{FBF5B054-C819-46C1-B31B-5E7C96372EB6}.Release|Win32.ActiveCfg = Release|x86
		{FBF5B054-C819-46C1-B31B-5E7C96372EB6}.Release|x86.ActiveCfg = Release|x86
		{FBF5B054-C819-46C1-B31B-5E7C96372EB6}.Release|x86.Build.0 = Release|x86
		{14E07D52-020C-4787-965B-6B26EDD115AD}.Debug|Any CPU.ActiveCfg = Debug|Any CPU
		{14E07D52-020C-4787-965B-6B26EDD115AD}.Debug|Any CPU.Build.0 = Debug|Any CPU
		{14E07D52-020C-4787-965B-6B26EDD115AD}.Debug|Mixed Platforms.ActiveCfg = Debug|Any CPU
		{14E07D52-020C-4787-965B-6B26EDD115AD}.Debug|Mixed Platforms.Build.0 = Debug|Any CPU
		{14E07D52-020C-4787-965B-6B26EDD115AD}.Debug|Win32.ActiveCfg = Debug|Any CPU
		{14E07D52-020C-4787-965B-6B26EDD115AD}.Debug|x86.ActiveCfg = Debug|Any CPU
		{14E07D52-020C-4787-965B-6B26EDD115AD}.Release|Any CPU.ActiveCfg = Release|Any CPU
		{14E07D52-020C-4787-965B-6B26EDD115AD}.Release|Any CPU.Build.0 = Release|Any CPU
		{14E07D52-020C-4787-965B-6B26EDD115AD}.Release|Mixed Platforms.ActiveCfg = Release|Any CPU
		{14E07D52-020C-4787-965B-6B26EDD115AD}.Release|Mixed Platforms.Build.0 = Release|Any CPU
		{14E07D52-020C-4787-965B-6B26EDD115AD}.Release|Win32.ActiveCfg = Release|Any CPU
		{14E07D52-020C-4787-965B-6B26EDD115AD}.Release|x86.ActiveCfg = Release|Any CPU
		{49BA1C69-6104-41AC-A5D8-B54FA9F696E8}.Debug|Any CPU.ActiveCfg = Debug|Any CPU
		{49BA1C69-6104-41AC-A5D8-B54FA9F696E8}.Debug|Any CPU.Build.0 = Debug|Any CPU
		{49BA1C69-6104-41AC-A5D8-B54FA9F696E8}.Debug|Mixed Platforms.ActiveCfg = Debug|Any CPU
		{49BA1C69-6104-41AC-A5D8-B54FA9F696E8}.Debug|Mixed Platforms.Build.0 = Debug|Any CPU
		{49BA1C69-6104-41AC-A5D8-B54FA9F696E8}.Debug|Win32.ActiveCfg = Debug|Any CPU
		{49BA1C69-6104-41AC-A5D8-B54FA9F696E8}.Debug|x86.ActiveCfg = Debug|Any CPU
		{49BA1C69-6104-41AC-A5D8-B54FA9F696E8}.Release|Any CPU.ActiveCfg = Release|Any CPU
		{49BA1C69-6104-41AC-A5D8-B54FA9F696E8}.Release|Any CPU.Build.0 = Release|Any CPU
		{49BA1C69-6104-41AC-A5D8-B54FA9F696E8}.Release|Mixed Platforms.ActiveCfg = Release|Any CPU
		{49BA1C69-6104-41AC-A5D8-B54FA9F696E8}.Release|Mixed Platforms.Build.0 = Release|Any CPU
		{49BA1C69-6104-41AC-A5D8-B54FA9F696E8}.Release|Win32.ActiveCfg = Release|Any CPU
		{49BA1C69-6104-41AC-A5D8-B54FA9F696E8}.Release|x86.ActiveCfg = Release|Any CPU
		{916A9399-C7C6-4CA4-A2D1-EC23194D19C3}.Debug|Any CPU.ActiveCfg = Debug|Any CPU
		{916A9399-C7C6-4CA4-A2D1-EC23194D19C3}.Debug|Any CPU.Build.0 = Debug|Any CPU
		{916A9399-C7C6-4CA4-A2D1-EC23194D19C3}.Debug|Mixed Platforms.ActiveCfg = Debug|Any CPU
		{916A9399-C7C6-4CA4-A2D1-EC23194D19C3}.Debug|Mixed Platforms.Build.0 = Debug|Any CPU
		{916A9399-C7C6-4CA4-A2D1-EC23194D19C3}.Debug|Win32.ActiveCfg = Debug|Any CPU
		{916A9399-C7C6-4CA4-A2D1-EC23194D19C3}.Debug|x86.ActiveCfg = Debug|Any CPU
		{916A9399-C7C6-4CA4-A2D1-EC23194D19C3}.Release|Any CPU.ActiveCfg = Release|Any CPU
		{916A9399-C7C6-4CA4-A2D1-EC23194D19C3}.Release|Any CPU.Build.0 = Release|Any CPU
		{916A9399-C7C6-4CA4-A2D1-EC23194D19C3}.Release|Mixed Platforms.ActiveCfg = Release|Any CPU
		{916A9399-C7C6-4CA4-A2D1-EC23194D19C3}.Release|Mixed Platforms.Build.0 = Release|Any CPU
		{916A9399-C7C6-4CA4-A2D1-EC23194D19C3}.Release|Win32.ActiveCfg = Release|Any CPU
		{916A9399-C7C6-4CA4-A2D1-EC23194D19C3}.Release|x86.ActiveCfg = Release|Any CPU
		{D9816D38-6394-4BAC-9551-098DC7E94876}.Debug|Any CPU.ActiveCfg = Debug|x86
		{D9816D38-6394-4BAC-9551-098DC7E94876}.Debug|Mixed Platforms.ActiveCfg = Debug|x86
		{D9816D38-6394-4BAC-9551-098DC7E94876}.Debug|Mixed Platforms.Build.0 = Debug|x86
		{D9816D38-6394-4BAC-9551-098DC7E94876}.Debug|Win32.ActiveCfg = Debug|x86
		{D9816D38-6394-4BAC-9551-098DC7E94876}.Debug|x86.ActiveCfg = Debug|x86
		{D9816D38-6394-4BAC-9551-098DC7E94876}.Debug|x86.Build.0 = Debug|x86
		{D9816D38-6394-4BAC-9551-098DC7E94876}.Release|Any CPU.ActiveCfg = Release|x86
		{D9816D38-6394-4BAC-9551-098DC7E94876}.Release|Mixed Platforms.ActiveCfg = Release|x86
		{D9816D38-6394-4BAC-9551-098DC7E94876}.Release|Mixed Platforms.Build.0 = Release|x86
		{D9816D38-6394-4BAC-9551-098DC7E94876}.Release|Win32.ActiveCfg = Release|x86
		{D9816D38-6394-4BAC-9551-098DC7E94876}.Release|x86.ActiveCfg = Release|x86
		{D9816D38-6394-4BAC-9551-098DC7E94876}.Release|x86.Build.0 = Release|x86
		{C4FD0A4A-303E-468B-B2B2-790691B11FB5}.Debug|Any CPU.ActiveCfg = Debug|x86
		{C4FD0A4A-303E-468B-B2B2-790691B11FB5}.Debug|Mixed Platforms.ActiveCfg = Debug|x86
		{C4FD0A4A-303E-468B-B2B2-790691B11FB5}.Debug|Mixed Platforms.Build.0 = Debug|x86
		{C4FD0A4A-303E-468B-B2B2-790691B11FB5}.Debug|Win32.ActiveCfg = Debug|x86
		{C4FD0A4A-303E-468B-B2B2-790691B11FB5}.Debug|x86.ActiveCfg = Debug|x86
		{C4FD0A4A-303E-468B-B2B2-790691B11FB5}.Debug|x86.Build.0 = Debug|x86
		{C4FD0A4A-303E-468B-B2B2-790691B11FB5}.Release|Any CPU.ActiveCfg = Release|x86
		{C4FD0A4A-303E-468B-B2B2-790691B11FB5}.Release|Mixed Platforms.ActiveCfg = Release|x86
		{C4FD0A4A-303E-468B-B2B2-790691B11FB5}.Release|Mixed Platforms.Build.0 = Release|x86
		{C4FD0A4A-303E-468B-B2B2-790691B11FB5}.Release|Win32.ActiveCfg = Release|x86
		{C4FD0A4A-303E-468B-B2B2-790691B11FB5}.Release|x86.ActiveCfg = Release|x86
		{C4FD0A4A-303E-468B-B2B2-790691B11FB5}.Release|x86.Build.0 = Release|x86
		{5E38850E-DAED-4A9F-9B3F-A228425FA2A4}.Debug|Any CPU.ActiveCfg = Debug|x86
		{5E38850E-DAED-4A9F-9B3F-A228425FA2A4}.Debug|Mixed Platforms.ActiveCfg = Debug|x86
		{5E38850E-DAED-4A9F-9B3F-A228425FA2A4}.Debug|Win32.ActiveCfg = Debug|x86
		{5E38850E-DAED-4A9F-9B3F-A228425FA2A4}.Debug|x86.ActiveCfg = Debug|x86
		{5E38850E-DAED-4A9F-9B3F-A228425FA2A4}.Release|Any CPU.ActiveCfg = Release|x86
		{5E38850E-DAED-4A9F-9B3F-A228425FA2A4}.Release|Mixed Platforms.ActiveCfg = Release|x86
		{5E38850E-DAED-4A9F-9B3F-A228425FA2A4}.Release|Win32.ActiveCfg = Release|x86
		{5E38850E-DAED-4A9F-9B3F-A228425FA2A4}.Release|x86.ActiveCfg = Release|x86
		{833C064F-7D59-4DAC-AC5D-5443618DF28C}.Debug|Any CPU.ActiveCfg = Debug|x86
		{833C064F-7D59-4DAC-AC5D-5443618DF28C}.Debug|Mixed Platforms.ActiveCfg = Debug|x86
		{833C064F-7D59-4DAC-AC5D-5443618DF28C}.Debug|Win32.ActiveCfg = Debug|x86
		{833C064F-7D59-4DAC-AC5D-5443618DF28C}.Debug|x86.ActiveCfg = Debug|x86
		{833C064F-7D59-4DAC-AC5D-5443618DF28C}.Release|Any CPU.ActiveCfg = Release|x86
		{833C064F-7D59-4DAC-AC5D-5443618DF28C}.Release|Mixed Platforms.ActiveCfg = Release|x86
		{833C064F-7D59-4DAC-AC5D-5443618DF28C}.Release|Win32.ActiveCfg = Release|x86
		{833C064F-7D59-4DAC-AC5D-5443618DF28C}.Release|x86.ActiveCfg = Release|x86
		{B073F1E8-7873-48AC-A52F-09FF77CB034F}.Debug|Any CPU.ActiveCfg = Debug|x86
		{B073F1E8-7873-48AC-A52F-09FF77CB034F}.Debug|Mixed Platforms.ActiveCfg = Debug|x86
		{B073F1E8-7873-48AC-A52F-09FF77CB034F}.Debug|Mixed Platforms.Build.0 = Debug|x86
		{B073F1E8-7873-48AC-A52F-09FF77CB034F}.Debug|Win32.ActiveCfg = Debug|x86
		{B073F1E8-7873-48AC-A52F-09FF77CB034F}.Debug|x86.ActiveCfg = Debug|x86
		{B073F1E8-7873-48AC-A52F-09FF77CB034F}.Debug|x86.Build.0 = Debug|x86
		{B073F1E8-7873-48AC-A52F-09FF77CB034F}.Release|Any CPU.ActiveCfg = Release|x86
		{B073F1E8-7873-48AC-A52F-09FF77CB034F}.Release|Mixed Platforms.ActiveCfg = Release|x86
		{B073F1E8-7873-48AC-A52F-09FF77CB034F}.Release|Mixed Platforms.Build.0 = Release|x86
		{B073F1E8-7873-48AC-A52F-09FF77CB034F}.Release|Win32.ActiveCfg = Release|x86
		{B073F1E8-7873-48AC-A52F-09FF77CB034F}.Release|x86.ActiveCfg = Release|x86
		{B073F1E8-7873-48AC-A52F-09FF77CB034F}.Release|x86.Build.0 = Release|x86
		{AD5E7F05-197B-4EF3-AC1A-EBA4DEBA0300}.Debug|Any CPU.ActiveCfg = Debug|x86
		{AD5E7F05-197B-4EF3-AC1A-EBA4DEBA0300}.Debug|Mixed Platforms.ActiveCfg = Debug|x86
		{AD5E7F05-197B-4EF3-AC1A-EBA4DEBA0300}.Debug|Win32.ActiveCfg = Debug|x86
		{AD5E7F05-197B-4EF3-AC1A-EBA4DEBA0300}.Debug|x86.ActiveCfg = Debug|x86
		{AD5E7F05-197B-4EF3-AC1A-EBA4DEBA0300}.Release|Any CPU.ActiveCfg = Release|x86
		{AD5E7F05-197B-4EF3-AC1A-EBA4DEBA0300}.Release|Mixed Platforms.ActiveCfg = Release|x86
		{AD5E7F05-197B-4EF3-AC1A-EBA4DEBA0300}.Release|Win32.ActiveCfg = Release|x86
		{AD5E7F05-197B-4EF3-AC1A-EBA4DEBA0300}.Release|x86.ActiveCfg = Release|x86
		{56F3A934-A157-4BDE-B63C-B14B1CD9515F}.Debug|Any CPU.ActiveCfg = Debug|Any CPU
		{56F3A934-A157-4BDE-B63C-B14B1CD9515F}.Debug|Any CPU.Build.0 = Debug|Any CPU
		{56F3A934-A157-4BDE-B63C-B14B1CD9515F}.Debug|Mixed Platforms.ActiveCfg = Debug|Any CPU
		{56F3A934-A157-4BDE-B63C-B14B1CD9515F}.Debug|Mixed Platforms.Build.0 = Debug|Any CPU
		{56F3A934-A157-4BDE-B63C-B14B1CD9515F}.Debug|Win32.ActiveCfg = Debug|Any CPU
		{56F3A934-A157-4BDE-B63C-B14B1CD9515F}.Debug|x86.ActiveCfg = Debug|Any CPU
		{56F3A934-A157-4BDE-B63C-B14B1CD9515F}.Release|Any CPU.ActiveCfg = Release|Any CPU
		{56F3A934-A157-4BDE-B63C-B14B1CD9515F}.Release|Any CPU.Build.0 = Release|Any CPU
		{56F3A934-A157-4BDE-B63C-B14B1CD9515F}.Release|Mixed Platforms.ActiveCfg = Release|Any CPU
		{56F3A934-A157-4BDE-B63C-B14B1CD9515F}.Release|Mixed Platforms.Build.0 = Release|Any CPU
		{56F3A934-A157-4BDE-B63C-B14B1CD9515F}.Release|Win32.ActiveCfg = Release|Any CPU
		{56F3A934-A157-4BDE-B63C-B14B1CD9515F}.Release|x86.ActiveCfg = Release|Any CPU
		{E7E4E5BB-B268-4E1D-80AD-0DCA682612A1}.Debug|Any CPU.ActiveCfg = Debug|x86
		{E7E4E5BB-B268-4E1D-80AD-0DCA682612A1}.Debug|Mixed Platforms.ActiveCfg = Debug|x86
		{E7E4E5BB-B268-4E1D-80AD-0DCA682612A1}.Debug|Mixed Platforms.Build.0 = Debug|x86
		{E7E4E5BB-B268-4E1D-80AD-0DCA682612A1}.Debug|Win32.ActiveCfg = Debug|x86
		{E7E4E5BB-B268-4E1D-80AD-0DCA682612A1}.Debug|x86.ActiveCfg = Debug|x86
		{E7E4E5BB-B268-4E1D-80AD-0DCA682612A1}.Debug|x86.Build.0 = Debug|x86
		{E7E4E5BB-B268-4E1D-80AD-0DCA682612A1}.Release|Any CPU.ActiveCfg = Release|x86
		{E7E4E5BB-B268-4E1D-80AD-0DCA682612A1}.Release|Mixed Platforms.ActiveCfg = Release|x86
		{E7E4E5BB-B268-4E1D-80AD-0DCA682612A1}.Release|Mixed Platforms.Build.0 = Release|x86
		{E7E4E5BB-B268-4E1D-80AD-0DCA682612A1}.Release|Win32.ActiveCfg = Release|x86
		{E7E4E5BB-B268-4E1D-80AD-0DCA682612A1}.Release|x86.ActiveCfg = Release|x86
		{E7E4E5BB-B268-4E1D-80AD-0DCA682612A1}.Release|x86.Build.0 = Release|x86
		{538DB5B1-7CFA-4481-AC17-7E90683C0DD4}.Debug|Any CPU.ActiveCfg = Debug|x86
		{538DB5B1-7CFA-4481-AC17-7E90683C0DD4}.Debug|Mixed Platforms.ActiveCfg = Debug|x86
		{538DB5B1-7CFA-4481-AC17-7E90683C0DD4}.Debug|Win32.ActiveCfg = Debug|x86
		{538DB5B1-7CFA-4481-AC17-7E90683C0DD4}.Debug|x86.ActiveCfg = Debug|x86
		{538DB5B1-7CFA-4481-AC17-7E90683C0DD4}.Release|Any CPU.ActiveCfg = Release|x86
		{538DB5B1-7CFA-4481-AC17-7E90683C0DD4}.Release|Mixed Platforms.ActiveCfg = Release|x86
		{538DB5B1-7CFA-4481-AC17-7E90683C0DD4}.Release|Win32.ActiveCfg = Release|x86
		{538DB5B1-7CFA-4481-AC17-7E90683C0DD4}.Release|x86.ActiveCfg = Release|x86
		{74DB0F55-17A0-4362-B8DB-72AE91446488}.Debug|Any CPU.ActiveCfg = Debug|x86
		{74DB0F55-17A0-4362-B8DB-72AE91446488}.Debug|Mixed Platforms.ActiveCfg = Debug|x86
		{74DB0F55-17A0-4362-B8DB-72AE91446488}.Debug|Mixed Platforms.Build.0 = Debug|x86
		{74DB0F55-17A0-4362-B8DB-72AE91446488}.Debug|Win32.ActiveCfg = Debug|x86
		{74DB0F55-17A0-4362-B8DB-72AE91446488}.Debug|x86.ActiveCfg = Debug|x86
		{74DB0F55-17A0-4362-B8DB-72AE91446488}.Debug|x86.Build.0 = Debug|x86
		{74DB0F55-17A0-4362-B8DB-72AE91446488}.Release|Any CPU.ActiveCfg = Release|x86
		{74DB0F55-17A0-4362-B8DB-72AE91446488}.Release|Mixed Platforms.ActiveCfg = Release|x86
		{74DB0F55-17A0-4362-B8DB-72AE91446488}.Release|Mixed Platforms.Build.0 = Release|x86
		{74DB0F55-17A0-4362-B8DB-72AE91446488}.Release|Win32.ActiveCfg = Release|x86
		{74DB0F55-17A0-4362-B8DB-72AE91446488}.Release|x86.ActiveCfg = Release|x86
		{74DB0F55-17A0-4362-B8DB-72AE91446488}.Release|x86.Build.0 = Release|x86
		{C4AC05FB-EF3F-4805-ACB7-774078044213}.Debug|Any CPU.ActiveCfg = Debug|x86
		{C4AC05FB-EF3F-4805-ACB7-774078044213}.Debug|Mixed Platforms.ActiveCfg = Debug|x86
		{C4AC05FB-EF3F-4805-ACB7-774078044213}.Debug|Mixed Platforms.Build.0 = Debug|x86
		{C4AC05FB-EF3F-4805-ACB7-774078044213}.Debug|Win32.ActiveCfg = Debug|x86
		{C4AC05FB-EF3F-4805-ACB7-774078044213}.Debug|x86.ActiveCfg = Debug|x86
		{C4AC05FB-EF3F-4805-ACB7-774078044213}.Debug|x86.Build.0 = Debug|x86
		{C4AC05FB-EF3F-4805-ACB7-774078044213}.Release|Any CPU.ActiveCfg = Release|x86
		{C4AC05FB-EF3F-4805-ACB7-774078044213}.Release|Mixed Platforms.ActiveCfg = Release|x86
		{C4AC05FB-EF3F-4805-ACB7-774078044213}.Release|Mixed Platforms.Build.0 = Release|x86
		{C4AC05FB-EF3F-4805-ACB7-774078044213}.Release|Win32.ActiveCfg = Release|x86
		{C4AC05FB-EF3F-4805-ACB7-774078044213}.Release|x86.ActiveCfg = Release|x86
		{C4AC05FB-EF3F-4805-ACB7-774078044213}.Release|x86.Build.0 = Release|x86
		{053939BC-C67F-4818-B770-299579FBEED1}.Debug|Any CPU.ActiveCfg = Debug|x86
		{053939BC-C67F-4818-B770-299579FBEED1}.Debug|Mixed Platforms.ActiveCfg = Debug|x86
		{053939BC-C67F-4818-B770-299579FBEED1}.Debug|Win32.ActiveCfg = Debug|x86
		{053939BC-C67F-4818-B770-299579FBEED1}.Debug|x86.ActiveCfg = Debug|x86
		{053939BC-C67F-4818-B770-299579FBEED1}.Release|Any CPU.ActiveCfg = Release|x86
		{053939BC-C67F-4818-B770-299579FBEED1}.Release|Mixed Platforms.ActiveCfg = Release|x86
		{053939BC-C67F-4818-B770-299579FBEED1}.Release|Win32.ActiveCfg = Release|x86
		{053939BC-C67F-4818-B770-299579FBEED1}.Release|x86.ActiveCfg = Release|x86
	EndGlobalSection
	GlobalSection(SolutionProperties) = preSolution
		HideSolutionNode = FALSE
	EndGlobalSection
EndGlobal
